
Microsoft Visual Studio Solution File, Format Version 11.00
# Visual Studio 2010
# SharpDevelop 5.1
Project("{FAE04EC0-301F-11D3-BF4B-00C04F79EFBC}") = "SelectObject", "SelectObject.csproj", "{7F260052-679A-4717-96A2-B7273FFABF30}"
EndProject
Project("{FAE04EC0-301F-11D3-BF4B-00C04F79EFBC}") = "CreateObjects", "..\CreateObjects\CreateObjects.csproj", "{26C7CEDB-A117-47DD-B6BA-FA9BF104388C}"
EndProject
Project("{FAE04EC0-301F-11D3-BF4B-00C04F79EFBC}") = "ComponentInsert", "..\ComponentInsert\ComponentInsert.csproj", "{1CD516BA-93E8-4C15-A658-F3DC0EDBBA4E}"
EndProject
Global
	GlobalSection(SolutionConfigurationPlatforms) = preSolution
		Debug|Any CPU = Debug|Any CPU
		Release|Any CPU = Release|Any CPU
	EndGlobalSection
	GlobalSection(ProjectConfigurationPlatforms) = postSolution
		{7F260052-679A-4717-96A2-B7273FFABF30}.Debug|Any CPU.ActiveCfg = Debug|Any CPU
		{7F260052-679A-4717-96A2-B7273FFABF30}.Debug|Any CPU.Build.0 = Debug|Any CPU
		{7F260052-679A-4717-96A2-B7273FFABF30}.Release|Any CPU.ActiveCfg = Release|Any CPU
		{7F260052-679A-4717-96A2-B7273FFABF30}.Release|Any CPU.Build.0 = Release|Any CPU
		{26C7CEDB-A117-47DD-B6BA-FA9BF104388C}.Debug|Any CPU.ActiveCfg = Debug|Any CPU
		{26C7CEDB-A117-47DD-B6BA-FA9BF104388C}.Debug|Any CPU.Build.0 = Debug|Any CPU
		{26C7CEDB-A117-47DD-B6BA-FA9BF104388C}.Release|Any CPU.ActiveCfg = Release|Any CPU
		{26C7CEDB-A117-47DD-B6BA-FA9BF104388C}.Release|Any CPU.Build.0 = Release|Any CPU
		{1CD516BA-93E8-4C15-A658-F3DC0EDBBA4E}.Debug|Any CPU.ActiveCfg = Debug|Any CPU
		{1CD516BA-93E8-4C15-A658-F3DC0EDBBA4E}.Debug|Any CPU.Build.0 = Debug|Any CPU
		{1CD516BA-93E8-4C15-A658-F3DC0EDBBA4E}.Release|Any CPU.ActiveCfg = Release|Any CPU
		{1CD516BA-93E8-4C15-A658-F3DC0EDBBA4E}.Release|Any CPU.Build.0 = Release|Any CPU
	EndGlobalSection
EndGlobal
